
Microsoft Visual Studio Solution File, Format Version 12.00
# Visual Studio Version 17
VisualStudioVersion = 17.5.33530.505
MinimumVisualStudioVersion = 10.0.40219.1
Project("{FAE04EC0-301F-11D3-BF4B-00C04F79EFBC}") = "ToDoApi", "ToDoApi\ToDoApi.csproj", "{18A918FF-1EBA-43A6-87F0-68ACB0CD0502}"
EndProject
Global
	GlobalSection(SolutionConfigurationPlatforms) = preSolution
		Debug|Any CPU = Debug|Any CPU
		Release|Any CPU = Release|Any CPU
	EndGlobalSection
	GlobalSection(ProjectConfigurationPlatforms) = postSolution
		{18A918FF-1EBA-43A6-87F0-68ACB0CD0502}.Debug|Any CPU.ActiveCfg = Debug|Any CPU
		{18A918FF-1EBA-43A6-87F0-68ACB0CD0502}.Debug|Any CPU.Build.0 = Debug|Any CPU
		{18A918FF-1EBA-43A6-87F0-68ACB0CD0502}.Release|Any CPU.ActiveCfg = Release|Any CPU
		{18A918FF-1EBA-43A6-87F0-68ACB0CD0502}.Release|Any CPU.Build.0 = Release|Any CPU
	EndGlobalSection
	GlobalSection(SolutionProperties) = preSolution
		HideSolutionNode = FALSE
	EndGlobalSection
	GlobalSection(ExtensibilityGlobals) = postSolution
		SolutionGuid = {3C9F289E-DAF4-4E30-ABE1-980ED17C7070}
	EndGlobalSection
EndGlobal
